
Microsoft Visual Studio Solution File, Format Version 12.00
# Visual Studio Version 17
VisualStudioVersion = 17.8.34309.116
MinimumVisualStudioVersion = 10.0.40219.1
Project("{FAE04EC0-301F-11D3-BF4B-00C04F79EFBC}") = "ShippingClientApp", "ShippingClientApp\ShippingClientApp.csproj", "{DD839E42-BB1F-4A88-8B6E-404D4B39F053}"
EndProject
Global
	GlobalSection(SolutionConfigurationPlatforms) = preSolution
		Debug|Any CPU = Debug|Any CPU
		Release|Any CPU = Release|Any CPU
	EndGlobalSection
	GlobalSection(ProjectConfigurationPlatforms) = postSolution
		{DD839E42-BB1F-4A88-8B6E-404D4B39F053}.Debug|Any CPU.ActiveCfg = Debug|Any CPU
		{DD839E42-BB1F-4A88-8B6E-404D4B39F053}.Debug|Any CPU.Build.0 = Debug|Any CPU
		{DD839E42-BB1F-4A88-8B6E-404D4B39F053}.Release|Any CPU.ActiveCfg = Release|Any CPU
		{DD839E42-BB1F-4A88-8B6E-404D4B39F053}.Release|Any CPU.Build.0 = Release|Any CPU
	EndGlobalSection
	GlobalSection(SolutionProperties) = preSolution
		HideSolutionNode = FALSE
	EndGlobalSection
	GlobalSection(ExtensibilityGlobals) = postSolution
		SolutionGuid = {4806AAFA-F3F7-454B-B189-1F001613E0E4}
	EndGlobalSection
EndGlobal
